%{"amqp": {:package, "0.0.5"},
  "amqp_client": {:package, "3.3.5"},
  "chronos": {:package, "0.3.7"},
  "cowboy": {:package, "1.0.0"},
  "cowlib": {:package, "1.0.0"},
  "decimal": {:package, "0.2.5"},
  "ecto": {:package, "0.2.5"},
  "eredis": {:git, "git://github.com/wooga/eredis.git", "a1cba24a8a901181044fbd1775e9cdbfa1c405d8", [ref: "a1cba24a8a901181044fbd1775e9cdbfa1c405d8"]},
  "erlcloud": {:git, "git://github.com/gleber/erlcloud.git", "573cce3be0e44d3f4f3cf7f328973cbb37c7ec35", []},
  "exactor": {:package, "0.7.0"},
  "exredis": {:git, "git://github.com/artemeff/exredis.git", "91891ddf7749274d57ee4ad413d3a91180fd029e", []},
  "exvcr": {:git, "git://github.com/parroty/exvcr.git", "bc91a689da0f92dd7637389d24503802ce2c8607", []},
  "hackney": {:package, "0.13.1"},
  "httpoison": {:package, "0.4.2"},
  "idna": {:package, "1.0.1"},
  "jazz": {:package, "0.2.1"},
  "jsex": {:package, "2.0.0"},
  "jsx": {:git, "git://github.com/talentdeficit/jsx.git", "507fa4c41db33c81e925ab53f4d789d234aaff2f", []},
  "lhttpc": {:git, "git://github.com/talko/lhttpc", "2d01a5f9c7543b77bdd57f44c92e72801f46e423", [ref: "master"]},
  "linguist": {:package, "0.1.2"},
  "meck": {:git, "git://github.com/eproxus/meck.git", "b1f313b4cecc3df05a477a93641bf0a24d858590", []},
  "mock": {:git, "git://github.com/jjh42/mock.git", "275109db347caf3449b6d123bd4da720fb08b28e", []},
  "phoenix": {:package, "0.4.1"},
  "plug": {:package, "0.7.0"},
  "poison": {:package, "1.1.1"},
  "poolboy": {:package, "1.2.1"},
  "postgrex": {:git, "git://github.com/ericmj/postgrex.git", "bb12d101b659d3383eb8c701f975ce20ec64c46a", []},
  "rabbit_common": {:package, "3.3.5"},
  "ranch": {:package, "1.0.0"}}
