%{"amqp": {:hex, :amqp, "0.0.5"},
  "amqp_client": {:hex, :amqp_client, "3.3.5"},
  "chronos": {:hex, :chronos, "0.3.7"},
  "cowboy": {:hex, :cowboy, "1.0.0"},
  "cowlib": {:hex, :cowlib, "1.0.0"},
  "decimal": {:hex, :decimal, "0.2.5"},
  "decorators": {:git, "git://github.com/chrisavl/erlang_decorators.git", "b14949efc938157604447adc29a71913298fe67f", [branch: "master"]},
  "ecto": {:hex, :ecto, "0.2.5"},
  "edown": {:git, "git://github.com/uwiger/edown.git", "d62ec85281e451a46ba30045917c119d65b72a84", [tag: "0.5"]},
  "eredis": {:git, "git://github.com/wooga/eredis.git", "a1cba24a8a901181044fbd1775e9cdbfa1c405d8", [ref: "a1cba24a8a901181044fbd1775e9cdbfa1c405d8"]},
  "erlcloud": {:git, "git://github.com/gleber/erlcloud.git", "573cce3be0e44d3f4f3cf7f328973cbb37c7ec35", []},
  "exactor": {:hex, :exactor, "0.7.0"},
  "exredis": {:git, "git://github.com/artemeff/exredis.git", "91891ddf7749274d57ee4ad413d3a91180fd029e", []},
  "exvcr": {:git, "git://github.com/parroty/exvcr.git", "bc91a689da0f92dd7637389d24503802ce2c8607", []},
  "hackney": {:hex, :hackney, "0.14.1"},
  "httpoison": {:hex, :httpoison, "0.5.0"},
  "idna": {:hex, :idna, "1.0.1"},
  "jiffy": {:git, "https://github.com/davisp/jiffy.git", "b0fc299119f8cbd8553484e513bf605db3e774fc", [ref: "master"]},
  "jsex": {:hex, :jsex, "2.0.0"},
  "jsx": {:hex, :jsx, "2.1.1"},
  "lhttpc": {:git, "git://github.com/ferd/lhttpc.git", "de7e48fb1045bbe522fa01f7c2c7839d89f04f88", []},
  "linguist": {:hex, :linguist, "0.1.2"},
  "meck": {:git, "git://github.com/eproxus/meck.git", "b1f313b4cecc3df05a477a93641bf0a24d858590", []},
  "mock": {:git, "git://github.com/jjh42/mock.git", "275109db347caf3449b6d123bd4da720fb08b28e", []},
  "newrelic": {:git, "git://github.com/wooga/newrelic-erlang.git", "ce63c4a69561d3677f45334ba2c93876b4661229", []},
  "parse_trans": {:git, "git://github.com/uwiger/parse_trans.git", "82cc00264aa1bad8fc5c0739b7541feb4a843432", [branch: "master"]},
  "phoenix": {:hex, :phoenix, "0.5.0"},
  "plug": {:hex, :plug, "0.8.1"},
  "poison": {:hex, :poison, "1.2.0"},
  "poolboy": {:hex, :poolboy, "1.2.1"},
  "postgrex": {:git, "git://github.com/ericmj/postgrex.git", "bb12d101b659d3383eb8c701f975ce20ec64c46a", []},
  "rabbit_common": {:hex, :rabbit_common, "3.3.5"},
  "ranch": {:hex, :ranch, "1.0.0"},
  "statman": {:git, "git://github.com/knutin/statman.git", "d3820e209e0f164f83a3ae126045c683a666b2d2", []}}
