%{"chronos": {:git, "git://github.com/nurugger07/chronos.git", "28ebaf433ae7bf605fecf665ad6b92d80eda2e2a", []},
  "cowboy": {:git, "git://github.com/extend/cowboy.git", "99061274b6dc602614a07a8751ea3925950f6b80", []},
  "cowlib": {:git, "git://github.com/extend/cowlib.git", "e2ffefe828b918486e2cd76e44c54ae9b62c616e", [ref: "0.6.2"]},
  "decimal": {:package, "0.2.3"},
  "ecto": {:git, "git://github.com/elixir-lang/ecto.git", "5d018263888f860744f8e3e51116ae3ef1543cde", []},
  "eredis": {:git, "git://github.com/wooga/eredis.git", "471dd471060daa1d98391cb69ae006f8ba79a042", [ref: "471dd"]},
  "exactor": {:package, "0.5.0"},
  "excoveralls": {:package, "0.3.0"},
  "exlager": {:git, "git://github.com/khia/exlager.git", "dca404300b04d2ad8f42e9ecc6f4c757e169071f", []},
  "exredis": {:git, "git://github.com/artemeff/exredis.git", "2bc9948e2c9e6ede2fde64665613766a33b06226", []},
  "exvcr": {:package, "0.2.0"},
  "goldrush": {:git, "git://github.com/DeadZen/goldrush.git", "71e63212f12c25827e0c1b4198d37d5d018a7fec", [tag: "0.1.6"]},
  "hackney": {:git, "git://github.com/benoitc/hackney.git", "fd2158b39b0aa139bb90f0c867f246ddfec072e6", []},
  "httpoison": {:package, "0.3.0"},
  "httpotion": {:package, "0.2.4"},
  "idna": {:git, "git://github.com/benoitc/erlang-idna.git", "21aa158b7f36bf2a000f12fe40d7f21eece9cf65", [tag: "hackney-0.11.2"]},
  "jazz": {:package, "0.1.2"},
  "jsex": {:package, "2.0.0"},
  "jsx": {:package, "2.0.4"},
  "lager": {:git, "https://github.com/basho/lager.git", "4d8291edb72a25ac0efde907e2ecaa115108ff90", []},
  "meck": {:git, "git://github.com/eproxus/meck.git", "dde759050eff19a1a80fd854d7375174b191665d", [tag: "0.8.2"]},
  "mock": {:git, "git://github.com/jjh42/mock.git", "275109db347caf3449b6d123bd4da720fb08b28e", []},
  "plug": {:package, "0.5.2"},
  "poolboy": {:package, "1.2.1"},
  "postgrex": {:package, "0.5.3"},
  "ranch": {:git, "git://github.com/extend/ranch.git", "3189ef2d47843945efc96c224963380462c33d40", [ref: "0.10.0"]}}
